
Microsoft Visual Studio Solution File, Format Version 12.00
# Visual Studio Version 16
VisualStudioVersion = 16.0.30204.135
MinimumVisualStudioVersion = 10.0.40219.1
Project("{FAE04EC0-301F-11D3-BF4B-00C04F79EFBC}") = "FilesStorage.Entities", "FilesStorage.Entities\FilesStorage.Entities.csproj", "{855BB32B-E1F5-4183-90E2-274B5E8DB99F}"
EndProject
Project("{2150E333-8FDC-42A3-9474-1A3956D46DE8}") = "PL", "PL", "{25DAE304-5F49-4A23-B30D-99EF398A3C31}"
EndProject
Project("{2150E333-8FDC-42A3-9474-1A3956D46DE8}") = "BLL", "BLL", "{C08C4ADF-3E03-4B9C-B1D6-3ED5F6CD9829}"
EndProject
Project("{2150E333-8FDC-42A3-9474-1A3956D46DE8}") = "DAL", "DAL", "{B7CFD5EA-43B6-4BAE-9613-0F8D2A4319BE}"
EndProject
Project("{FAE04EC0-301F-11D3-BF4B-00C04F79EFBC}") = "FilesStorage.DAL.Interfaces", "FilesStorage.DAL.Interfaces\FilesStorage.DAL.Interfaces.csproj", "{27A3D167-3C79-4D06-9FDC-D3549280A868}"
EndProject
Project("{FAE04EC0-301F-11D3-BF4B-00C04F79EFBC}") = "FilesStorage.DAL.EF", "FilesStorage.DAL.EF\FilesStorage.DAL.EF.csproj", "{73D4FA51-6433-439A-9069-E456EB233DF4}"
EndProject
Project("{FAE04EC0-301F-11D3-BF4B-00C04F79EFBC}") = "FilesStorage.BLL.Interfaces", "FilesStorage.BLL.Interfaces\FilesStorage.BLL.Interfaces.csproj", "{A3346355-5ECF-42F0-BD12-110EB1CAEA41}"
EndProject
Project("{FAE04EC0-301F-11D3-BF4B-00C04F79EFBC}") = "FilesStorage.BLL", "FilesStorage.BLL\FilesStorage.BLL.csproj", "{BE4D9679-7313-425A-9316-4A44BAA2D7A3}"
EndProject
Project("{FAE04EC0-301F-11D3-BF4B-00C04F79EFBC}") = "FilesStorage.PL.Web", "FilesStorage.PL.Web\FilesStorage.PL.Web.csproj", "{2A5A62E0-6EEB-4C94-80E1-15EAE3A85453}"
EndProject
Project("{FAE04EC0-301F-11D3-BF4B-00C04F79EFBC}") = "FilesStorage.DI", "FilesStorage.DI\FilesStorage.DI.csproj", "{712EAC0B-C1E1-4EBA-B959-4B0A108301AF}"
	ProjectSection(ProjectDependencies) = postProject
		{73D4FA51-6433-439A-9069-E456EB233DF4} = {73D4FA51-6433-439A-9069-E456EB233DF4}
		{A3346355-5ECF-42F0-BD12-110EB1CAEA41} = {A3346355-5ECF-42F0-BD12-110EB1CAEA41}
		{27A3D167-3C79-4D06-9FDC-D3549280A868} = {27A3D167-3C79-4D06-9FDC-D3549280A868}
		{BE4D9679-7313-425A-9316-4A44BAA2D7A3} = {BE4D9679-7313-425A-9316-4A44BAA2D7A3}
	EndProjectSection
EndProject
Global
	GlobalSection(SolutionConfigurationPlatforms) = preSolution
		Debug|Any CPU = Debug|Any CPU
		Release|Any CPU = Release|Any CPU
	EndGlobalSection
	GlobalSection(ProjectConfigurationPlatforms) = postSolution
		{855BB32B-E1F5-4183-90E2-274B5E8DB99F}.Debug|Any CPU.ActiveCfg = Debug|Any CPU
		{855BB32B-E1F5-4183-90E2-274B5E8DB99F}.Debug|Any CPU.Build.0 = Debug|Any CPU
		{855BB32B-E1F5-4183-90E2-274B5E8DB99F}.Release|Any CPU.ActiveCfg = Release|Any CPU
		{855BB32B-E1F5-4183-90E2-274B5E8DB99F}.Release|Any CPU.Build.0 = Release|Any CPU
		{27A3D167-3C79-4D06-9FDC-D3549280A868}.Debug|Any CPU.ActiveCfg = Debug|Any CPU
		{27A3D167-3C79-4D06-9FDC-D3549280A868}.Debug|Any CPU.Build.0 = Debug|Any CPU
		{27A3D167-3C79-4D06-9FDC-D3549280A868}.Release|Any CPU.ActiveCfg = Release|Any CPU
		{27A3D167-3C79-4D06-9FDC-D3549280A868}.Release|Any CPU.Build.0 = Release|Any CPU
		{73D4FA51-6433-439A-9069-E456EB233DF4}.Debug|Any CPU.ActiveCfg = Debug|Any CPU
		{73D4FA51-6433-439A-9069-E456EB233DF4}.Debug|Any CPU.Build.0 = Debug|Any CPU
		{73D4FA51-6433-439A-9069-E456EB233DF4}.Release|Any CPU.ActiveCfg = Release|Any CPU
		{73D4FA51-6433-439A-9069-E456EB233DF4}.Release|Any CPU.Build.0 = Release|Any CPU
		{A3346355-5ECF-42F0-BD12-110EB1CAEA41}.Debug|Any CPU.ActiveCfg = Debug|Any CPU
		{A3346355-5ECF-42F0-BD12-110EB1CAEA41}.Debug|Any CPU.Build.0 = Debug|Any CPU
		{A3346355-5ECF-42F0-BD12-110EB1CAEA41}.Release|Any CPU.ActiveCfg = Release|Any CPU
		{A3346355-5ECF-42F0-BD12-110EB1CAEA41}.Release|Any CPU.Build.0 = Release|Any CPU
		{BE4D9679-7313-425A-9316-4A44BAA2D7A3}.Debug|Any CPU.ActiveCfg = Debug|Any CPU
		{BE4D9679-7313-425A-9316-4A44BAA2D7A3}.Debug|Any CPU.Build.0 = Debug|Any CPU
		{BE4D9679-7313-425A-9316-4A44BAA2D7A3}.Release|Any CPU.ActiveCfg = Release|Any CPU
		{BE4D9679-7313-425A-9316-4A44BAA2D7A3}.Release|Any CPU.Build.0 = Release|Any CPU
		{2A5A62E0-6EEB-4C94-80E1-15EAE3A85453}.Debug|Any CPU.ActiveCfg = Debug|Any CPU
		{2A5A62E0-6EEB-4C94-80E1-15EAE3A85453}.Debug|Any CPU.Build.0 = Debug|Any CPU
		{2A5A62E0-6EEB-4C94-80E1-15EAE3A85453}.Release|Any CPU.ActiveCfg = Release|Any CPU
		{2A5A62E0-6EEB-4C94-80E1-15EAE3A85453}.Release|Any CPU.Build.0 = Release|Any CPU
		{712EAC0B-C1E1-4EBA-B959-4B0A108301AF}.Debug|Any CPU.ActiveCfg = Debug|Any CPU
		{712EAC0B-C1E1-4EBA-B959-4B0A108301AF}.Debug|Any CPU.Build.0 = Debug|Any CPU
		{712EAC0B-C1E1-4EBA-B959-4B0A108301AF}.Release|Any CPU.ActiveCfg = Release|Any CPU
		{712EAC0B-C1E1-4EBA-B959-4B0A108301AF}.Release|Any CPU.Build.0 = Release|Any CPU
	EndGlobalSection
	GlobalSection(SolutionProperties) = preSolution
		HideSolutionNode = FALSE
	EndGlobalSection
	GlobalSection(NestedProjects) = preSolution
		{27A3D167-3C79-4D06-9FDC-D3549280A868} = {B7CFD5EA-43B6-4BAE-9613-0F8D2A4319BE}
		{73D4FA51-6433-439A-9069-E456EB233DF4} = {B7CFD5EA-43B6-4BAE-9613-0F8D2A4319BE}
		{A3346355-5ECF-42F0-BD12-110EB1CAEA41} = {C08C4ADF-3E03-4B9C-B1D6-3ED5F6CD9829}
		{BE4D9679-7313-425A-9316-4A44BAA2D7A3} = {C08C4ADF-3E03-4B9C-B1D6-3ED5F6CD9829}
		{2A5A62E0-6EEB-4C94-80E1-15EAE3A85453} = {25DAE304-5F49-4A23-B30D-99EF398A3C31}
	EndGlobalSection
	GlobalSection(ExtensibilityGlobals) = postSolution
		SolutionGuid = {A5FFB071-F4F7-4CB5-B224-B237DE8648B9}
	EndGlobalSection
EndGlobal
